PODS:
  - SendbirdAIAgentCore (0.10.0):
    - SendbirdUIMessageTemplate (~> 3.30)
  - SendbirdAIAgentMessenger (0.10.0):
    - SendbirdAIAgentCore (= 0.10.0)
    - SendbirdMarkdownUI (= 1.0.0)
    - SendbirdNetworkImage (= 1.0.0)
    - SendbirdSplash (= 1.0.0)
  - SendbirdChatSDK (4.29.2)
  - SendbirdMarkdownUI (1.0.0):
    - SendbirdNetworkImage (~> 1.0)
  - SendbirdNetworkImage (1.0.0)
  - SendbirdSplash (1.0.0)
  - SendbirdUIMessageTemplate (3.32.1):
    - SendbirdChatSDK (>= 4.29.2)

DEPENDENCIES:
  - SendbirdAIAgentMessenger (~> 0.10.0)

SPEC REPOS:
  https://github.com/tezpark/cocoapod-test.git:
    - SendbirdAIAgentCore
    - SendbirdAIAgentMessenger
    - SendbirdMarkdownUI
    - SendbirdNetworkImage
    - SendbirdSplash
  trunk:
    - SendbirdChatSDK
    - SendbirdUIMessageTemplate

SPEC CHECKSUMS:
  SendbirdAIAgentCore: 999dc3b802ec54e4f3b29707579d4daa0d5e7f65
  SendbirdAIAgentMessenger: e62531e543b735b766f9bc713aa49ec2657130a8
  SendbirdChatSDK: 41704815637608da63e26791b750cbf1bfdde007
  SendbirdMarkdownUI: f8ac693f654ee1eb51a583a450746566ee54a722
  SendbirdNetworkImage: 13162a9dfe6d8d6e38098624831dfea1d0b30744
  SendbirdSplash: 4348241e095d199e97c1db98f76f8dd2dd7b8be9
  SendbirdUIMessageTemplate: 9760843736ec0b035e4aac99b52de91291de7f2f

PODFILE CHECKSUM: 5d75f776f12c0287aa205fc1df6bfe46a4a92a9d

COCOAPODS: 1.16.2
